# This file is automatically @generated by Cargo.
# It is not intended for manual editing.
version = 3

[[package]]
name = "autocfg"
version = "1.0.1"
source = "registry+https://github.com/rust-lang/crates.io-index"
checksum = "cdb031dd78e28731d87d56cc8ffef4a8f36ca26c38fe2de700543e627f8a464a"

[[package]]
name = "lexical"
version = "6.0.1"
source = "registry+https://github.com/rust-lang/crates.io-index"
checksum = "c34e981f88d060a67815388470172638f1af16b3a12e581cb75142f190161bf9"
dependencies = [
 "lexical-core",
]

[[package]]
name = "lexical-core"
version = "0.8.2"
source = "registry+https://github.com/rust-lang/crates.io-index"
checksum = "6a3926d8f156019890be4abe5fd3785e0cff1001e06f59c597641fd513a5a284"
dependencies = [
 "lexical-parse-float",
 "lexical-parse-integer",
 "lexical-util",
 "lexical-write-float",
 "lexical-write-integer",
]

[[package]]
name = "lexical-parse-float"
version = "0.8.2"
source = "registry+https://github.com/rust-lang/crates.io-index"
checksum = "b4d066d004fa762d9da995ed21aa8845bb9f6e4265f540d716fb4b315197bf0e"
dependencies = [
 "lexical-parse-integer",
 "lexical-util",
 "static_assertions",
]

[[package]]
name = "lexical-parse-integer"
version = "0.8.0"
source = "registry+https://github.com/rust-lang/crates.io-index"
checksum = "f2c92badda8cc0fc4f3d3cc1c30aaefafb830510c8781ce4e8669881f3ed53ac"
dependencies = [
 "lexical-util",
 "static_assertions",
]

[[package]]
name = "lexical-util"
version = "0.8.1"
source = "registry+https://github.com/rust-lang/crates.io-index"
checksum = "6ff669ccaae16ee33af90dc51125755efed17f1309626ba5c12052512b11e291"
dependencies = [
 "static_assertions",
]

[[package]]
name = "lexical-write-float"
version = "0.8.2"
source = "registry+https://github.com/rust-lang/crates.io-index"
checksum = "8b5186948c7b297abaaa51560f2581dae625e5ce7dfc2d8fdc56345adb6dc576"
dependencies = [
 "lexical-util",
 "lexical-write-integer",
 "static_assertions",
]

[[package]]
name = "lexical-write-integer"
version = "0.8.0"
source = "registry+https://github.com/rust-lang/crates.io-index"
checksum = "ece956492e0e40fd95ef8658a34d53a3b8c2015762fdcaaff2167b28de1f56ef"
dependencies = [
 "lexical-util",
 "static_assertions",
]

[[package]]
name = "ng262"
version = "0.1.0"
dependencies = [
 "lexical",
 "num-bigint",
 "unicode-xid",
]

[[package]]
name = "num-bigint"
version = "0.4.3"
source = "registry+https://github.com/rust-lang/crates.io-index"
checksum = "f93ab6289c7b344a8a9f60f88d80aa20032336fe78da341afc91c8a2341fc75f"
dependencies = [
 "autocfg",
 "num-integer",
 "num-traits",
]

[[package]]
name = "num-integer"
version = "0.1.44"
source = "registry+https://github.com/rust-lang/crates.io-index"
checksum = "d2cc698a63b549a70bc047073d2949cce27cd1c7b0a4a862d08a8031bc2801db"
dependencies = [
 "autocfg",
 "num-traits",
]

[[package]]
name = "num-traits"
version = "0.2.14"
source = "registry+https://github.com/rust-lang/crates.io-index"
checksum = "9a64b1ec5cda2586e284722486d802acf1f7dbdc623e2bfc57e65ca1cd099290"
dependencies = [
 "autocfg",
]

[[package]]
name = "static_assertions"
version = "1.1.0"
source = "registry+https://github.com/rust-lang/crates.io-index"
checksum = "a2eb9349b6444b326872e140eb1cf5e7c522154d69e7a0ffb0fb81c06b37543f"

[[package]]
name = "unicode-xid"
version = "0.2.2"
source = "registry+https://github.com/rust-lang/crates.io-index"
checksum = "8ccb82d61f80a663efe1f787a51b16b5a51e3314d6ac365b08639f52387b33f3"
